
Microsoft Visual Studio Solution File, Format Version 12.00
# Visual Studio Version 16
VisualStudioVersion = 16.0.29418.71
MinimumVisualStudioVersion = 10.0.40219.1
Project("{2150E333-8FDC-42A3-9474-1A3956D46DE8}") = "Solution Items", "Solution Items", "{A96DAE2C-0B70-49BC-BDB0-B4D105E7372F}"
	ProjectSection(SolutionItems) = preProject
		.github\workflows\dotnet-core.yml = .github\workflows\dotnet-core.yml
	EndProjectSection
EndProject
Project("{2150E333-8FDC-42A3-9474-1A3956D46DE8}") = "Api", "Api", "{74209A5C-DE4C-4F14-8195-BD9AF2BDB55F}"
EndProject
Project("{2150E333-8FDC-42A3-9474-1A3956D46DE8}") = "Settings", "Settings", "{DD791163-EA63-4738-B04B-6E8C09273888}"
EndProject
Project("{2150E333-8FDC-42A3-9474-1A3956D46DE8}") = "Identity", "Identity", "{C77F7D87-511B-4DA6-BAD1-F8DBE907993E}"
EndProject
Project("{2150E333-8FDC-42A3-9474-1A3956D46DE8}") = "Events", "Events", "{BC2EF2A8-9560-4EC4-AA74-64B8B1724048}"
EndProject
Project("{2150E333-8FDC-42A3-9474-1A3956D46DE8}") = "Gateway", "Gateway", "{05E2D217-2232-49CF-ACB4-4DDBB5EAD302}"
EndProject
Project("{9A19103F-16F7-4668-BE54-9A1E7A4F7556}") = "EventManager.Identity.Service", "Api\Identity\Service\EventManager.Identity.Service.csproj", "{0D900B57-C1B5-4C8D-8190-7349F5980BEC}"
EndProject
Project("{9A19103F-16F7-4668-BE54-9A1E7A4F7556}") = "EventManager.Identity.DataAccess", "Api\Identity\DataAccess\EventManager.Identity.DataAccess.csproj", "{15C5ADE3-3FEE-40C3-9C5D-3571514FCFF9}"
EndProject
Project("{2150E333-8FDC-42A3-9474-1A3956D46DE8}") = "Shared", "Shared", "{1E5F5B2D-C9B9-4914-8DBE-D8A859DF7680}"
EndProject
Project("{9A19103F-16F7-4668-BE54-9A1E7A4F7556}") = "EventManager.Shared.DataAccess", "Shared\DataAccess\EventManager.Shared.DataAccess.csproj", "{BB4CA87B-5EFE-4039-8BBB-D3D907939DB5}"
EndProject
Project("{9A19103F-16F7-4668-BE54-9A1E7A4F7556}") = "EventManager.Shared.Core", "Shared\Core\EventManager.Shared.Core.csproj", "{2DC105E7-FF7F-4888-80E3-03BBA67DA3B0}"
EndProject
Project("{9A19103F-16F7-4668-BE54-9A1E7A4F7556}") = "EventManager.Events.Service", "Api\Events\Service\EventManager.Events.Service.csproj", "{69F22F22-0B52-41B1-B7E0-6A9CCE8ADD1E}"
EndProject
Project("{9A19103F-16F7-4668-BE54-9A1E7A4F7556}") = "EventManager.Events.DataAccess", "Api\Events\DataAccess\EventManager.Events.DataAccess.csproj", "{456AD1A9-FF15-4E3A-AE9B-FC12636E40EB}"
EndProject
Project("{9A19103F-16F7-4668-BE54-9A1E7A4F7556}") = "EventManager.Gateway.Service", "Api\Gateway\Service\EventManager.Gateway.Service.csproj", "{AFE596F6-8EEF-4F1B-9633-2A58D0B0AE11}"
EndProject
Project("{2150E333-8FDC-42A3-9474-1A3956D46DE8}") = "UI", "UI", "{460EE438-BA24-4E67-9812-FAEFB93E36F1}"
EndProject
Project("{9A19103F-16F7-4668-BE54-9A1E7A4F7556}") = "EventManager.Web", "UI\SPA\EventManager.Web.csproj", "{BBBD9E80-0DC5-4F6D-812F-F11BF76570AB}"
EndProject
Project("{2150E333-8FDC-42A3-9474-1A3956D46DE8}") = "Disco", "Disco", "{7A2FDEE6-AEB6-4374-AC21-8A58E55F45ED}"
	ProjectSection(SolutionItems) = preProject
		Api\Consul\apigateway.json = Api\Consul\apigateway.json
		Api\Consul\events.json = Api\Consul\events.json
		Api\Consul\identity.json = Api\Consul\identity.json
		Api\Consul\ng.json = Api\Consul\ng.json
		Api\Consul\RunDisco.ps1 = Api\Consul\RunDisco.ps1
	EndProjectSection
EndProject
Project("{FAE04EC0-301F-11D3-BF4B-00C04F79EFBC}") = "EventManager.Shared.Service", "Shared\Service\EventManager.Shared.Service.csproj", "{8E0342F5-02C3-4998-8074-767F7F5E48B2}"
EndProject
Global
	GlobalSection(SolutionConfigurationPlatforms) = preSolution
		Debug|Any CPU = Debug|Any CPU
		Debug|ARM = Debug|ARM
		Debug|ARM64 = Debug|ARM64
		Debug|x64 = Debug|x64
		Debug|x86 = Debug|x86
		RebuildClientDebug|Any CPU = RebuildClientDebug|Any CPU
		RebuildClientDebug|ARM = RebuildClientDebug|ARM
		RebuildClientDebug|ARM64 = RebuildClientDebug|ARM64
		RebuildClientDebug|x64 = RebuildClientDebug|x64
		RebuildClientDebug|x86 = RebuildClientDebug|x86
		RebuildClientRelease|Any CPU = RebuildClientRelease|Any CPU
		RebuildClientRelease|ARM = RebuildClientRelease|ARM
		RebuildClientRelease|ARM64 = RebuildClientRelease|ARM64
		RebuildClientRelease|x64 = RebuildClientRelease|x64
		RebuildClientRelease|x86 = RebuildClientRelease|x86
		Release|Any CPU = Release|Any CPU
		Release|ARM = Release|ARM
		Release|ARM64 = Release|ARM64
		Release|x64 = Release|x64
		Release|x86 = Release|x86
	EndGlobalSection
	GlobalSection(ProjectConfigurationPlatforms) = postSolution
		{0D900B57-C1B5-4C8D-8190-7349F5980BEC}.Debug|Any CPU.ActiveCfg = Debug|Any CPU
		{0D900B57-C1B5-4C8D-8190-7349F5980BEC}.Debug|Any CPU.Build.0 = Debug|Any CPU
		{0D900B57-C1B5-4C8D-8190-7349F5980BEC}.Debug|ARM.ActiveCfg = Debug|Any CPU
		{0D900B57-C1B5-4C8D-8190-7349F5980BEC}.Debug|ARM.Build.0 = Debug|Any CPU
		{0D900B57-C1B5-4C8D-8190-7349F5980BEC}.Debug|ARM64.ActiveCfg = Debug|Any CPU
		{0D900B57-C1B5-4C8D-8190-7349F5980BEC}.Debug|ARM64.Build.0 = Debug|Any CPU
		{0D900B57-C1B5-4C8D-8190-7349F5980BEC}.Debug|x64.ActiveCfg = Debug|Any CPU
		{0D900B57-C1B5-4C8D-8190-7349F5980BEC}.Debug|x64.Build.0 = Debug|Any CPU
		{0D900B57-C1B5-4C8D-8190-7349F5980BEC}.Debug|x86.ActiveCfg = Debug|Any CPU
		{0D900B57-C1B5-4C8D-8190-7349F5980BEC}.Debug|x86.Build.0 = Debug|Any CPU
		{0D900B57-C1B5-4C8D-8190-7349F5980BEC}.RebuildClientDebug|Any CPU.ActiveCfg = Debug|Any CPU
		{0D900B57-C1B5-4C8D-8190-7349F5980BEC}.RebuildClientDebug|Any CPU.Build.0 = Debug|Any CPU
		{0D900B57-C1B5-4C8D-8190-7349F5980BEC}.RebuildClientDebug|ARM.ActiveCfg = Debug|Any CPU
		{0D900B57-C1B5-4C8D-8190-7349F5980BEC}.RebuildClientDebug|ARM.Build.0 = Debug|Any CPU
		{0D900B57-C1B5-4C8D-8190-7349F5980BEC}.RebuildClientDebug|ARM64.ActiveCfg = Debug|Any CPU
		{0D900B57-C1B5-4C8D-8190-7349F5980BEC}.RebuildClientDebug|ARM64.Build.0 = Debug|Any CPU
		{0D900B57-C1B5-4C8D-8190-7349F5980BEC}.RebuildClientDebug|x64.ActiveCfg = Debug|Any CPU
		{0D900B57-C1B5-4C8D-8190-7349F5980BEC}.RebuildClientDebug|x64.Build.0 = Debug|Any CPU
		{0D900B57-C1B5-4C8D-8190-7349F5980BEC}.RebuildClientDebug|x86.ActiveCfg = Debug|Any CPU
		{0D900B57-C1B5-4C8D-8190-7349F5980BEC}.RebuildClientDebug|x86.Build.0 = Debug|Any CPU
		{0D900B57-C1B5-4C8D-8190-7349F5980BEC}.RebuildClientRelease|Any CPU.ActiveCfg = Release|Any CPU
		{0D900B57-C1B5-4C8D-8190-7349F5980BEC}.RebuildClientRelease|Any CPU.Build.0 = Release|Any CPU
		{0D900B57-C1B5-4C8D-8190-7349F5980BEC}.RebuildClientRelease|ARM.ActiveCfg = Release|Any CPU
		{0D900B57-C1B5-4C8D-8190-7349F5980BEC}.RebuildClientRelease|ARM.Build.0 = Release|Any CPU
		{0D900B57-C1B5-4C8D-8190-7349F5980BEC}.RebuildClientRelease|ARM64.ActiveCfg = Release|Any CPU
		{0D900B57-C1B5-4C8D-8190-7349F5980BEC}.RebuildClientRelease|ARM64.Build.0 = Release|Any CPU
		{0D900B57-C1B5-4C8D-8190-7349F5980BEC}.RebuildClientRelease|x64.ActiveCfg = Release|Any CPU
		{0D900B57-C1B5-4C8D-8190-7349F5980BEC}.RebuildClientRelease|x64.Build.0 = Release|Any CPU
		{0D900B57-C1B5-4C8D-8190-7349F5980BEC}.RebuildClientRelease|x86.ActiveCfg = Release|Any CPU
		{0D900B57-C1B5-4C8D-8190-7349F5980BEC}.RebuildClientRelease|x86.Build.0 = Release|Any CPU
		{0D900B57-C1B5-4C8D-8190-7349F5980BEC}.Release|Any CPU.ActiveCfg = Release|Any CPU
		{0D900B57-C1B5-4C8D-8190-7349F5980BEC}.Release|Any CPU.Build.0 = Release|Any CPU
		{0D900B57-C1B5-4C8D-8190-7349F5980BEC}.Release|ARM.ActiveCfg = Release|Any CPU
		{0D900B57-C1B5-4C8D-8190-7349F5980BEC}.Release|ARM.Build.0 = Release|Any CPU
		{0D900B57-C1B5-4C8D-8190-7349F5980BEC}.Release|ARM64.ActiveCfg = Release|Any CPU
		{0D900B57-C1B5-4C8D-8190-7349F5980BEC}.Release|ARM64.Build.0 = Release|Any CPU
		{0D900B57-C1B5-4C8D-8190-7349F5980BEC}.Release|x64.ActiveCfg = Release|Any CPU
		{0D900B57-C1B5-4C8D-8190-7349F5980BEC}.Release|x64.Build.0 = Release|Any CPU
		{0D900B57-C1B5-4C8D-8190-7349F5980BEC}.Release|x86.ActiveCfg = Release|Any CPU
		{0D900B57-C1B5-4C8D-8190-7349F5980BEC}.Release|x86.Build.0 = Release|Any CPU
		{15C5ADE3-3FEE-40C3-9C5D-3571514FCFF9}.Debug|Any CPU.ActiveCfg = Debug|Any CPU
		{15C5ADE3-3FEE-40C3-9C5D-3571514FCFF9}.Debug|Any CPU.Build.0 = Debug|Any CPU
		{15C5ADE3-3FEE-40C3-9C5D-3571514FCFF9}.Debug|ARM.ActiveCfg = Debug|Any CPU
		{15C5ADE3-3FEE-40C3-9C5D-3571514FCFF9}.Debug|ARM.Build.0 = Debug|Any CPU
		{15C5ADE3-3FEE-40C3-9C5D-3571514FCFF9}.Debug|ARM64.ActiveCfg = Debug|Any CPU
		{15C5ADE3-3FEE-40C3-9C5D-3571514FCFF9}.Debug|ARM64.Build.0 = Debug|Any CPU
		{15C5ADE3-3FEE-40C3-9C5D-3571514FCFF9}.Debug|x64.ActiveCfg = Debug|Any CPU
		{15C5ADE3-3FEE-40C3-9C5D-3571514FCFF9}.Debug|x64.Build.0 = Debug|Any CPU
		{15C5ADE3-3FEE-40C3-9C5D-3571514FCFF9}.Debug|x86.ActiveCfg = Debug|Any CPU
		{15C5ADE3-3FEE-40C3-9C5D-3571514FCFF9}.Debug|x86.Build.0 = Debug|Any CPU
		{15C5ADE3-3FEE-40C3-9C5D-3571514FCFF9}.RebuildClientDebug|Any CPU.ActiveCfg = RebuildClientDebug|Any CPU
		{15C5ADE3-3FEE-40C3-9C5D-3571514FCFF9}.RebuildClientDebug|Any CPU.Build.0 = RebuildClientDebug|Any CPU
		{15C5ADE3-3FEE-40C3-9C5D-3571514FCFF9}.RebuildClientDebug|ARM.ActiveCfg = RebuildClientDebug|Any CPU
		{15C5ADE3-3FEE-40C3-9C5D-3571514FCFF9}.RebuildClientDebug|ARM.Build.0 = RebuildClientDebug|Any CPU
		{15C5ADE3-3FEE-40C3-9C5D-3571514FCFF9}.RebuildClientDebug|ARM64.ActiveCfg = RebuildClientDebug|Any CPU
		{15C5ADE3-3FEE-40C3-9C5D-3571514FCFF9}.RebuildClientDebug|ARM64.Build.0 = RebuildClientDebug|Any CPU
		{15C5ADE3-3FEE-40C3-9C5D-3571514FCFF9}.RebuildClientDebug|x64.ActiveCfg = RebuildClientDebug|Any CPU
		{15C5ADE3-3FEE-40C3-9C5D-3571514FCFF9}.RebuildClientDebug|x64.Build.0 = RebuildClientDebug|Any CPU
		{15C5ADE3-3FEE-40C3-9C5D-3571514FCFF9}.RebuildClientDebug|x86.ActiveCfg = RebuildClientDebug|Any CPU
		{15C5ADE3-3FEE-40C3-9C5D-3571514FCFF9}.RebuildClientDebug|x86.Build.0 = RebuildClientDebug|Any CPU
		{15C5ADE3-3FEE-40C3-9C5D-3571514FCFF9}.RebuildClientRelease|Any CPU.ActiveCfg = RebuildClientRelease|Any CPU
		{15C5ADE3-3FEE-40C3-9C5D-3571514FCFF9}.RebuildClientRelease|Any CPU.Build.0 = RebuildClientRelease|Any CPU
		{15C5ADE3-3FEE-40C3-9C5D-3571514FCFF9}.RebuildClientRelease|ARM.ActiveCfg = RebuildClientRelease|Any CPU
		{15C5ADE3-3FEE-40C3-9C5D-3571514FCFF9}.RebuildClientRelease|ARM.Build.0 = RebuildClientRelease|Any CPU
		{15C5ADE3-3FEE-40C3-9C5D-3571514FCFF9}.RebuildClientRelease|ARM64.ActiveCfg = RebuildClientRelease|Any CPU
		{15C5ADE3-3FEE-40C3-9C5D-3571514FCFF9}.RebuildClientRelease|ARM64.Build.0 = RebuildClientRelease|Any CPU
		{15C5ADE3-3FEE-40C3-9C5D-3571514FCFF9}.RebuildClientRelease|x64.ActiveCfg = RebuildClientRelease|Any CPU
		{15C5ADE3-3FEE-40C3-9C5D-3571514FCFF9}.RebuildClientRelease|x64.Build.0 = RebuildClientRelease|Any CPU
		{15C5ADE3-3FEE-40C3-9C5D-3571514FCFF9}.RebuildClientRelease|x86.ActiveCfg = RebuildClientRelease|Any CPU
		{15C5ADE3-3FEE-40C3-9C5D-3571514FCFF9}.RebuildClientRelease|x86.Build.0 = RebuildClientRelease|Any CPU
		{15C5ADE3-3FEE-40C3-9C5D-3571514FCFF9}.Release|Any CPU.ActiveCfg = Release|Any CPU
		{15C5ADE3-3FEE-40C3-9C5D-3571514FCFF9}.Release|Any CPU.Build.0 = Release|Any CPU
		{15C5ADE3-3FEE-40C3-9C5D-3571514FCFF9}.Release|ARM.ActiveCfg = Release|Any CPU
		{15C5ADE3-3FEE-40C3-9C5D-3571514FCFF9}.Release|ARM.Build.0 = Release|Any CPU
		{15C5ADE3-3FEE-40C3-9C5D-3571514FCFF9}.Release|ARM64.ActiveCfg = Release|Any CPU
		{15C5ADE3-3FEE-40C3-9C5D-3571514FCFF9}.Release|ARM64.Build.0 = Release|Any CPU
		{15C5ADE3-3FEE-40C3-9C5D-3571514FCFF9}.Release|x64.ActiveCfg = Release|Any CPU
		{15C5ADE3-3FEE-40C3-9C5D-3571514FCFF9}.Release|x64.Build.0 = Release|Any CPU
		{15C5ADE3-3FEE-40C3-9C5D-3571514FCFF9}.Release|x86.ActiveCfg = Release|Any CPU
		{15C5ADE3-3FEE-40C3-9C5D-3571514FCFF9}.Release|x86.Build.0 = Release|Any CPU
		{BB4CA87B-5EFE-4039-8BBB-D3D907939DB5}.Debug|Any CPU.ActiveCfg = Debug|Any CPU
		{BB4CA87B-5EFE-4039-8BBB-D3D907939DB5}.Debug|Any CPU.Build.0 = Debug|Any CPU
		{BB4CA87B-5EFE-4039-8BBB-D3D907939DB5}.Debug|ARM.ActiveCfg = Debug|Any CPU
		{BB4CA87B-5EFE-4039-8BBB-D3D907939DB5}.Debug|ARM.Build.0 = Debug|Any CPU
		{BB4CA87B-5EFE-4039-8BBB-D3D907939DB5}.Debug|ARM64.ActiveCfg = Debug|Any CPU
		{BB4CA87B-5EFE-4039-8BBB-D3D907939DB5}.Debug|ARM64.Build.0 = Debug|Any CPU
		{BB4CA87B-5EFE-4039-8BBB-D3D907939DB5}.Debug|x64.ActiveCfg = Debug|Any CPU
		{BB4CA87B-5EFE-4039-8BBB-D3D907939DB5}.Debug|x64.Build.0 = Debug|Any CPU
		{BB4CA87B-5EFE-4039-8BBB-D3D907939DB5}.Debug|x86.ActiveCfg = Debug|Any CPU
		{BB4CA87B-5EFE-4039-8BBB-D3D907939DB5}.Debug|x86.Build.0 = Debug|Any CPU
		{BB4CA87B-5EFE-4039-8BBB-D3D907939DB5}.RebuildClientDebug|Any CPU.ActiveCfg = RebuildClientDebug|Any CPU
		{BB4CA87B-5EFE-4039-8BBB-D3D907939DB5}.RebuildClientDebug|Any CPU.Build.0 = RebuildClientDebug|Any CPU
		{BB4CA87B-5EFE-4039-8BBB-D3D907939DB5}.RebuildClientDebug|ARM.ActiveCfg = RebuildClientDebug|Any CPU
		{BB4CA87B-5EFE-4039-8BBB-D3D907939DB5}.RebuildClientDebug|ARM.Build.0 = RebuildClientDebug|Any CPU
		{BB4CA87B-5EFE-4039-8BBB-D3D907939DB5}.RebuildClientDebug|ARM64.ActiveCfg = RebuildClientDebug|Any CPU
		{BB4CA87B-5EFE-4039-8BBB-D3D907939DB5}.RebuildClientDebug|ARM64.Build.0 = RebuildClientDebug|Any CPU
		{BB4CA87B-5EFE-4039-8BBB-D3D907939DB5}.RebuildClientDebug|x64.ActiveCfg = RebuildClientDebug|Any CPU
		{BB4CA87B-5EFE-4039-8BBB-D3D907939DB5}.RebuildClientDebug|x64.Build.0 = RebuildClientDebug|Any CPU
		{BB4CA87B-5EFE-4039-8BBB-D3D907939DB5}.RebuildClientDebug|x86.ActiveCfg = RebuildClientDebug|Any CPU
		{BB4CA87B-5EFE-4039-8BBB-D3D907939DB5}.RebuildClientDebug|x86.Build.0 = RebuildClientDebug|Any CPU
		{BB4CA87B-5EFE-4039-8BBB-D3D907939DB5}.RebuildClientRelease|Any CPU.ActiveCfg = RebuildClientRelease|Any CPU
		{BB4CA87B-5EFE-4039-8BBB-D3D907939DB5}.RebuildClientRelease|Any CPU.Build.0 = RebuildClientRelease|Any CPU
		{BB4CA87B-5EFE-4039-8BBB-D3D907939DB5}.RebuildClientRelease|ARM.ActiveCfg = RebuildClientRelease|Any CPU
		{BB4CA87B-5EFE-4039-8BBB-D3D907939DB5}.RebuildClientRelease|ARM.Build.0 = RebuildClientRelease|Any CPU
		{BB4CA87B-5EFE-4039-8BBB-D3D907939DB5}.RebuildClientRelease|ARM64.ActiveCfg = RebuildClientRelease|Any CPU
		{BB4CA87B-5EFE-4039-8BBB-D3D907939DB5}.RebuildClientRelease|ARM64.Build.0 = RebuildClientRelease|Any CPU
		{BB4CA87B-5EFE-4039-8BBB-D3D907939DB5}.RebuildClientRelease|x64.ActiveCfg = RebuildClientRelease|Any CPU
		{BB4CA87B-5EFE-4039-8BBB-D3D907939DB5}.RebuildClientRelease|x64.Build.0 = RebuildClientRelease|Any CPU
		{BB4CA87B-5EFE-4039-8BBB-D3D907939DB5}.RebuildClientRelease|x86.ActiveCfg = RebuildClientRelease|Any CPU
		{BB4CA87B-5EFE-4039-8BBB-D3D907939DB5}.RebuildClientRelease|x86.Build.0 = RebuildClientRelease|Any CPU
		{BB4CA87B-5EFE-4039-8BBB-D3D907939DB5}.Release|Any CPU.ActiveCfg = Release|Any CPU
		{BB4CA87B-5EFE-4039-8BBB-D3D907939DB5}.Release|Any CPU.Build.0 = Release|Any CPU
		{BB4CA87B-5EFE-4039-8BBB-D3D907939DB5}.Release|ARM.ActiveCfg = Release|Any CPU
		{BB4CA87B-5EFE-4039-8BBB-D3D907939DB5}.Release|ARM.Build.0 = Release|Any CPU
		{BB4CA87B-5EFE-4039-8BBB-D3D907939DB5}.Release|ARM64.ActiveCfg = Release|Any CPU
		{BB4CA87B-5EFE-4039-8BBB-D3D907939DB5}.Release|ARM64.Build.0 = Release|Any CPU
		{BB4CA87B-5EFE-4039-8BBB-D3D907939DB5}.Release|x64.ActiveCfg = Release|Any CPU
		{BB4CA87B-5EFE-4039-8BBB-D3D907939DB5}.Release|x64.Build.0 = Release|Any CPU
		{BB4CA87B-5EFE-4039-8BBB-D3D907939DB5}.Release|x86.ActiveCfg = Release|Any CPU
		{BB4CA87B-5EFE-4039-8BBB-D3D907939DB5}.Release|x86.Build.0 = Release|Any CPU
		{2DC105E7-FF7F-4888-80E3-03BBA67DA3B0}.Debug|Any CPU.ActiveCfg = Debug|Any CPU
		{2DC105E7-FF7F-4888-80E3-03BBA67DA3B0}.Debug|Any CPU.Build.0 = Debug|Any CPU
		{2DC105E7-FF7F-4888-80E3-03BBA67DA3B0}.Debug|ARM.ActiveCfg = Debug|Any CPU
		{2DC105E7-FF7F-4888-80E3-03BBA67DA3B0}.Debug|ARM.Build.0 = Debug|Any CPU
		{2DC105E7-FF7F-4888-80E3-03BBA67DA3B0}.Debug|ARM64.ActiveCfg = Debug|Any CPU
		{2DC105E7-FF7F-4888-80E3-03BBA67DA3B0}.Debug|ARM64.Build.0 = Debug|Any CPU
		{2DC105E7-FF7F-4888-80E3-03BBA67DA3B0}.Debug|x64.ActiveCfg = Debug|Any CPU
		{2DC105E7-FF7F-4888-80E3-03BBA67DA3B0}.Debug|x64.Build.0 = Debug|Any CPU
		{2DC105E7-FF7F-4888-80E3-03BBA67DA3B0}.Debug|x86.ActiveCfg = Debug|Any CPU
		{2DC105E7-FF7F-4888-80E3-03BBA67DA3B0}.Debug|x86.Build.0 = Debug|Any CPU
		{2DC105E7-FF7F-4888-80E3-03BBA67DA3B0}.RebuildClientDebug|Any CPU.ActiveCfg = Debug|Any CPU
		{2DC105E7-FF7F-4888-80E3-03BBA67DA3B0}.RebuildClientDebug|Any CPU.Build.0 = Debug|Any CPU
		{2DC105E7-FF7F-4888-80E3-03BBA67DA3B0}.RebuildClientDebug|ARM.ActiveCfg = Debug|Any CPU
		{2DC105E7-FF7F-4888-80E3-03BBA67DA3B0}.RebuildClientDebug|ARM.Build.0 = Debug|Any CPU
		{2DC105E7-FF7F-4888-80E3-03BBA67DA3B0}.RebuildClientDebug|ARM64.ActiveCfg = Debug|Any CPU
		{2DC105E7-FF7F-4888-80E3-03BBA67DA3B0}.RebuildClientDebug|ARM64.Build.0 = Debug|Any CPU
		{2DC105E7-FF7F-4888-80E3-03BBA67DA3B0}.RebuildClientDebug|x64.ActiveCfg = Debug|Any CPU
		{2DC105E7-FF7F-4888-80E3-03BBA67DA3B0}.RebuildClientDebug|x64.Build.0 = Debug|Any CPU
		{2DC105E7-FF7F-4888-80E3-03BBA67DA3B0}.RebuildClientDebug|x86.ActiveCfg = Debug|Any CPU
		{2DC105E7-FF7F-4888-80E3-03BBA67DA3B0}.RebuildClientDebug|x86.Build.0 = Debug|Any CPU
		{2DC105E7-FF7F-4888-80E3-03BBA67DA3B0}.RebuildClientRelease|Any CPU.ActiveCfg = Release|Any CPU
		{2DC105E7-FF7F-4888-80E3-03BBA67DA3B0}.RebuildClientRelease|Any CPU.Build.0 = Release|Any CPU
		{2DC105E7-FF7F-4888-80E3-03BBA67DA3B0}.RebuildClientRelease|ARM.ActiveCfg = Release|Any CPU
		{2DC105E7-FF7F-4888-80E3-03BBA67DA3B0}.RebuildClientRelease|ARM.Build.0 = Release|Any CPU
		{2DC105E7-FF7F-4888-80E3-03BBA67DA3B0}.RebuildClientRelease|ARM64.ActiveCfg = Release|Any CPU
		{2DC105E7-FF7F-4888-80E3-03BBA67DA3B0}.RebuildClientRelease|ARM64.Build.0 = Release|Any CPU
		{2DC105E7-FF7F-4888-80E3-03BBA67DA3B0}.RebuildClientRelease|x64.ActiveCfg = Release|Any CPU
		{2DC105E7-FF7F-4888-80E3-03BBA67DA3B0}.RebuildClientRelease|x64.Build.0 = Release|Any CPU
		{2DC105E7-FF7F-4888-80E3-03BBA67DA3B0}.RebuildClientRelease|x86.ActiveCfg = Release|Any CPU
		{2DC105E7-FF7F-4888-80E3-03BBA67DA3B0}.RebuildClientRelease|x86.Build.0 = Release|Any CPU
		{2DC105E7-FF7F-4888-80E3-03BBA67DA3B0}.Release|Any CPU.ActiveCfg = Release|Any CPU
		{2DC105E7-FF7F-4888-80E3-03BBA67DA3B0}.Release|Any CPU.Build.0 = Release|Any CPU
		{2DC105E7-FF7F-4888-80E3-03BBA67DA3B0}.Release|ARM.ActiveCfg = Release|Any CPU
		{2DC105E7-FF7F-4888-80E3-03BBA67DA3B0}.Release|ARM.Build.0 = Release|Any CPU
		{2DC105E7-FF7F-4888-80E3-03BBA67DA3B0}.Release|ARM64.ActiveCfg = Release|Any CPU
		{2DC105E7-FF7F-4888-80E3-03BBA67DA3B0}.Release|ARM64.Build.0 = Release|Any CPU
		{2DC105E7-FF7F-4888-80E3-03BBA67DA3B0}.Release|x64.ActiveCfg = Release|Any CPU
		{2DC105E7-FF7F-4888-80E3-03BBA67DA3B0}.Release|x64.Build.0 = Release|Any CPU
		{2DC105E7-FF7F-4888-80E3-03BBA67DA3B0}.Release|x86.ActiveCfg = Release|Any CPU
		{2DC105E7-FF7F-4888-80E3-03BBA67DA3B0}.Release|x86.Build.0 = Release|Any CPU
		{69F22F22-0B52-41B1-B7E0-6A9CCE8ADD1E}.Debug|Any CPU.ActiveCfg = Debug|Any CPU
		{69F22F22-0B52-41B1-B7E0-6A9CCE8ADD1E}.Debug|Any CPU.Build.0 = Debug|Any CPU
		{69F22F22-0B52-41B1-B7E0-6A9CCE8ADD1E}.Debug|ARM.ActiveCfg = Debug|Any CPU
		{69F22F22-0B52-41B1-B7E0-6A9CCE8ADD1E}.Debug|ARM.Build.0 = Debug|Any CPU
		{69F22F22-0B52-41B1-B7E0-6A9CCE8ADD1E}.Debug|ARM64.ActiveCfg = Debug|Any CPU
		{69F22F22-0B52-41B1-B7E0-6A9CCE8ADD1E}.Debug|ARM64.Build.0 = Debug|Any CPU
		{69F22F22-0B52-41B1-B7E0-6A9CCE8ADD1E}.Debug|x64.ActiveCfg = Debug|Any CPU
		{69F22F22-0B52-41B1-B7E0-6A9CCE8ADD1E}.Debug|x64.Build.0 = Debug|Any CPU
		{69F22F22-0B52-41B1-B7E0-6A9CCE8ADD1E}.Debug|x86.ActiveCfg = Debug|Any CPU
		{69F22F22-0B52-41B1-B7E0-6A9CCE8ADD1E}.Debug|x86.Build.0 = Debug|Any CPU
		{69F22F22-0B52-41B1-B7E0-6A9CCE8ADD1E}.RebuildClientDebug|Any CPU.ActiveCfg = RebuildClientDebug|Any CPU
		{69F22F22-0B52-41B1-B7E0-6A9CCE8ADD1E}.RebuildClientDebug|Any CPU.Build.0 = RebuildClientDebug|Any CPU
		{69F22F22-0B52-41B1-B7E0-6A9CCE8ADD1E}.RebuildClientDebug|ARM.ActiveCfg = RebuildClientDebug|Any CPU
		{69F22F22-0B52-41B1-B7E0-6A9CCE8ADD1E}.RebuildClientDebug|ARM.Build.0 = RebuildClientDebug|Any CPU
		{69F22F22-0B52-41B1-B7E0-6A9CCE8ADD1E}.RebuildClientDebug|ARM64.ActiveCfg = RebuildClientDebug|Any CPU
		{69F22F22-0B52-41B1-B7E0-6A9CCE8ADD1E}.RebuildClientDebug|ARM64.Build.0 = RebuildClientDebug|Any CPU
		{69F22F22-0B52-41B1-B7E0-6A9CCE8ADD1E}.RebuildClientDebug|x64.ActiveCfg = RebuildClientDebug|Any CPU
		{69F22F22-0B52-41B1-B7E0-6A9CCE8ADD1E}.RebuildClientDebug|x64.Build.0 = RebuildClientDebug|Any CPU
		{69F22F22-0B52-41B1-B7E0-6A9CCE8ADD1E}.RebuildClientDebug|x86.ActiveCfg = RebuildClientDebug|Any CPU
		{69F22F22-0B52-41B1-B7E0-6A9CCE8ADD1E}.RebuildClientDebug|x86.Build.0 = RebuildClientDebug|Any CPU
		{69F22F22-0B52-41B1-B7E0-6A9CCE8ADD1E}.RebuildClientRelease|Any CPU.ActiveCfg = RebuildClientRelease|Any CPU
		{69F22F22-0B52-41B1-B7E0-6A9CCE8ADD1E}.RebuildClientRelease|Any CPU.Build.0 = RebuildClientRelease|Any CPU
		{69F22F22-0B52-41B1-B7E0-6A9CCE8ADD1E}.RebuildClientRelease|ARM.ActiveCfg = RebuildClientRelease|Any CPU
		{69F22F22-0B52-41B1-B7E0-6A9CCE8ADD1E}.RebuildClientRelease|ARM.Build.0 = RebuildClientRelease|Any CPU
		{69F22F22-0B52-41B1-B7E0-6A9CCE8ADD1E}.RebuildClientRelease|ARM64.ActiveCfg = RebuildClientRelease|Any CPU
		{69F22F22-0B52-41B1-B7E0-6A9CCE8ADD1E}.RebuildClientRelease|ARM64.Build.0 = RebuildClientRelease|Any CPU
		{69F22F22-0B52-41B1-B7E0-6A9CCE8ADD1E}.RebuildClientRelease|x64.ActiveCfg = RebuildClientRelease|Any CPU
		{69F22F22-0B52-41B1-B7E0-6A9CCE8ADD1E}.RebuildClientRelease|x64.Build.0 = RebuildClientRelease|Any CPU
		{69F22F22-0B52-41B1-B7E0-6A9CCE8ADD1E}.RebuildClientRelease|x86.ActiveCfg = RebuildClientRelease|Any CPU
		{69F22F22-0B52-41B1-B7E0-6A9CCE8ADD1E}.RebuildClientRelease|x86.Build.0 = RebuildClientRelease|Any CPU
		{69F22F22-0B52-41B1-B7E0-6A9CCE8ADD1E}.Release|Any CPU.ActiveCfg = Release|Any CPU
		{69F22F22-0B52-41B1-B7E0-6A9CCE8ADD1E}.Release|Any CPU.Build.0 = Release|Any CPU
		{69F22F22-0B52-41B1-B7E0-6A9CCE8ADD1E}.Release|ARM.ActiveCfg = Release|Any CPU
		{69F22F22-0B52-41B1-B7E0-6A9CCE8ADD1E}.Release|ARM.Build.0 = Release|Any CPU
		{69F22F22-0B52-41B1-B7E0-6A9CCE8ADD1E}.Release|ARM64.ActiveCfg = Release|Any CPU
		{69F22F22-0B52-41B1-B7E0-6A9CCE8ADD1E}.Release|ARM64.Build.0 = Release|Any CPU
		{69F22F22-0B52-41B1-B7E0-6A9CCE8ADD1E}.Release|x64.ActiveCfg = Release|Any CPU
		{69F22F22-0B52-41B1-B7E0-6A9CCE8ADD1E}.Release|x64.Build.0 = Release|Any CPU
		{69F22F22-0B52-41B1-B7E0-6A9CCE8ADD1E}.Release|x86.ActiveCfg = Release|Any CPU
		{69F22F22-0B52-41B1-B7E0-6A9CCE8ADD1E}.Release|x86.Build.0 = Release|Any CPU
		{456AD1A9-FF15-4E3A-AE9B-FC12636E40EB}.Debug|Any CPU.ActiveCfg = Debug|Any CPU
		{456AD1A9-FF15-4E3A-AE9B-FC12636E40EB}.Debug|Any CPU.Build.0 = Debug|Any CPU
		{456AD1A9-FF15-4E3A-AE9B-FC12636E40EB}.Debug|ARM.ActiveCfg = Debug|Any CPU
		{456AD1A9-FF15-4E3A-AE9B-FC12636E40EB}.Debug|ARM.Build.0 = Debug|Any CPU
		{456AD1A9-FF15-4E3A-AE9B-FC12636E40EB}.Debug|ARM64.ActiveCfg = Debug|Any CPU
		{456AD1A9-FF15-4E3A-AE9B-FC12636E40EB}.Debug|ARM64.Build.0 = Debug|Any CPU
		{456AD1A9-FF15-4E3A-AE9B-FC12636E40EB}.Debug|x64.ActiveCfg = Debug|Any CPU
		{456AD1A9-FF15-4E3A-AE9B-FC12636E40EB}.Debug|x64.Build.0 = Debug|Any CPU
		{456AD1A9-FF15-4E3A-AE9B-FC12636E40EB}.Debug|x86.ActiveCfg = Debug|Any CPU
		{456AD1A9-FF15-4E3A-AE9B-FC12636E40EB}.Debug|x86.Build.0 = Debug|Any CPU
		{456AD1A9-FF15-4E3A-AE9B-FC12636E40EB}.RebuildClientDebug|Any CPU.ActiveCfg = RebuildClientDebug|Any CPU
		{456AD1A9-FF15-4E3A-AE9B-FC12636E40EB}.RebuildClientDebug|Any CPU.Build.0 = RebuildClientDebug|Any CPU
		{456AD1A9-FF15-4E3A-AE9B-FC12636E40EB}.RebuildClientDebug|ARM.ActiveCfg = RebuildClientDebug|Any CPU
		{456AD1A9-FF15-4E3A-AE9B-FC12636E40EB}.RebuildClientDebug|ARM.Build.0 = RebuildClientDebug|Any CPU
		{456AD1A9-FF15-4E3A-AE9B-FC12636E40EB}.RebuildClientDebug|ARM64.ActiveCfg = RebuildClientDebug|Any CPU
		{456AD1A9-FF15-4E3A-AE9B-FC12636E40EB}.RebuildClientDebug|ARM64.Build.0 = RebuildClientDebug|Any CPU
		{456AD1A9-FF15-4E3A-AE9B-FC12636E40EB}.RebuildClientDebug|x64.ActiveCfg = RebuildClientDebug|Any CPU
		{456AD1A9-FF15-4E3A-AE9B-FC12636E40EB}.RebuildClientDebug|x64.Build.0 = RebuildClientDebug|Any CPU
		{456AD1A9-FF15-4E3A-AE9B-FC12636E40EB}.RebuildClientDebug|x86.ActiveCfg = RebuildClientDebug|Any CPU
		{456AD1A9-FF15-4E3A-AE9B-FC12636E40EB}.RebuildClientDebug|x86.Build.0 = RebuildClientDebug|Any CPU
		{456AD1A9-FF15-4E3A-AE9B-FC12636E40EB}.RebuildClientRelease|Any CPU.ActiveCfg = RebuildClientRelease|Any CPU
		{456AD1A9-FF15-4E3A-AE9B-FC12636E40EB}.RebuildClientRelease|Any CPU.Build.0 = RebuildClientRelease|Any CPU
		{456AD1A9-FF15-4E3A-AE9B-FC12636E40EB}.RebuildClientRelease|ARM.ActiveCfg = RebuildClientRelease|Any CPU
		{456AD1A9-FF15-4E3A-AE9B-FC12636E40EB}.RebuildClientRelease|ARM.Build.0 = RebuildClientRelease|Any CPU
		{456AD1A9-FF15-4E3A-AE9B-FC12636E40EB}.RebuildClientRelease|ARM64.ActiveCfg = RebuildClientRelease|Any CPU
		{456AD1A9-FF15-4E3A-AE9B-FC12636E40EB}.RebuildClientRelease|ARM64.Build.0 = RebuildClientRelease|Any CPU
		{456AD1A9-FF15-4E3A-AE9B-FC12636E40EB}.RebuildClientRelease|x64.ActiveCfg = RebuildClientRelease|Any CPU
		{456AD1A9-FF15-4E3A-AE9B-FC12636E40EB}.RebuildClientRelease|x64.Build.0 = RebuildClientRelease|Any CPU
		{456AD1A9-FF15-4E3A-AE9B-FC12636E40EB}.RebuildClientRelease|x86.ActiveCfg = RebuildClientRelease|Any CPU
		{456AD1A9-FF15-4E3A-AE9B-FC12636E40EB}.RebuildClientRelease|x86.Build.0 = RebuildClientRelease|Any CPU
		{456AD1A9-FF15-4E3A-AE9B-FC12636E40EB}.Release|Any CPU.ActiveCfg = Release|Any CPU
		{456AD1A9-FF15-4E3A-AE9B-FC12636E40EB}.Release|Any CPU.Build.0 = Release|Any CPU
		{456AD1A9-FF15-4E3A-AE9B-FC12636E40EB}.Release|ARM.ActiveCfg = Release|Any CPU
		{456AD1A9-FF15-4E3A-AE9B-FC12636E40EB}.Release|ARM.Build.0 = Release|Any CPU
		{456AD1A9-FF15-4E3A-AE9B-FC12636E40EB}.Release|ARM64.ActiveCfg = Release|Any CPU
		{456AD1A9-FF15-4E3A-AE9B-FC12636E40EB}.Release|ARM64.Build.0 = Release|Any CPU
		{456AD1A9-FF15-4E3A-AE9B-FC12636E40EB}.Release|x64.ActiveCfg = Release|Any CPU
		{456AD1A9-FF15-4E3A-AE9B-FC12636E40EB}.Release|x64.Build.0 = Release|Any CPU
		{456AD1A9-FF15-4E3A-AE9B-FC12636E40EB}.Release|x86.ActiveCfg = Release|Any CPU
		{456AD1A9-FF15-4E3A-AE9B-FC12636E40EB}.Release|x86.Build.0 = Release|Any CPU
		{AFE596F6-8EEF-4F1B-9633-2A58D0B0AE11}.Debug|Any CPU.ActiveCfg = Debug|Any CPU
		{AFE596F6-8EEF-4F1B-9633-2A58D0B0AE11}.Debug|Any CPU.Build.0 = Debug|Any CPU
		{AFE596F6-8EEF-4F1B-9633-2A58D0B0AE11}.Debug|ARM.ActiveCfg = Debug|Any CPU
		{AFE596F6-8EEF-4F1B-9633-2A58D0B0AE11}.Debug|ARM.Build.0 = Debug|Any CPU
		{AFE596F6-8EEF-4F1B-9633-2A58D0B0AE11}.Debug|ARM64.ActiveCfg = Debug|Any CPU
		{AFE596F6-8EEF-4F1B-9633-2A58D0B0AE11}.Debug|ARM64.Build.0 = Debug|Any CPU
		{AFE596F6-8EEF-4F1B-9633-2A58D0B0AE11}.Debug|x64.ActiveCfg = Debug|Any CPU
		{AFE596F6-8EEF-4F1B-9633-2A58D0B0AE11}.Debug|x64.Build.0 = Debug|Any CPU
		{AFE596F6-8EEF-4F1B-9633-2A58D0B0AE11}.Debug|x86.ActiveCfg = Debug|Any CPU
		{AFE596F6-8EEF-4F1B-9633-2A58D0B0AE11}.Debug|x86.Build.0 = Debug|Any CPU
		{AFE596F6-8EEF-4F1B-9633-2A58D0B0AE11}.RebuildClientDebug|Any CPU.ActiveCfg = Debug|Any CPU
		{AFE596F6-8EEF-4F1B-9633-2A58D0B0AE11}.RebuildClientDebug|Any CPU.Build.0 = Debug|Any CPU
		{AFE596F6-8EEF-4F1B-9633-2A58D0B0AE11}.RebuildClientDebug|ARM.ActiveCfg = Debug|Any CPU
		{AFE596F6-8EEF-4F1B-9633-2A58D0B0AE11}.RebuildClientDebug|ARM.Build.0 = Debug|Any CPU
		{AFE596F6-8EEF-4F1B-9633-2A58D0B0AE11}.RebuildClientDebug|ARM64.ActiveCfg = Debug|Any CPU
		{AFE596F6-8EEF-4F1B-9633-2A58D0B0AE11}.RebuildClientDebug|ARM64.Build.0 = Debug|Any CPU
		{AFE596F6-8EEF-4F1B-9633-2A58D0B0AE11}.RebuildClientDebug|x64.ActiveCfg = Debug|Any CPU
		{AFE596F6-8EEF-4F1B-9633-2A58D0B0AE11}.RebuildClientDebug|x64.Build.0 = Debug|Any CPU
		{AFE596F6-8EEF-4F1B-9633-2A58D0B0AE11}.RebuildClientDebug|x86.ActiveCfg = Debug|Any CPU
		{AFE596F6-8EEF-4F1B-9633-2A58D0B0AE11}.RebuildClientDebug|x86.Build.0 = Debug|Any CPU
		{AFE596F6-8EEF-4F1B-9633-2A58D0B0AE11}.RebuildClientRelease|Any CPU.ActiveCfg = Release|Any CPU
		{AFE596F6-8EEF-4F1B-9633-2A58D0B0AE11}.RebuildClientRelease|Any CPU.Build.0 = Release|Any CPU
		{AFE596F6-8EEF-4F1B-9633-2A58D0B0AE11}.RebuildClientRelease|ARM.ActiveCfg = Release|Any CPU
		{AFE596F6-8EEF-4F1B-9633-2A58D0B0AE11}.RebuildClientRelease|ARM.Build.0 = Release|Any CPU
		{AFE596F6-8EEF-4F1B-9633-2A58D0B0AE11}.RebuildClientRelease|ARM64.ActiveCfg = Release|Any CPU
		{AFE596F6-8EEF-4F1B-9633-2A58D0B0AE11}.RebuildClientRelease|ARM64.Build.0 = Release|Any CPU
		{AFE596F6-8EEF-4F1B-9633-2A58D0B0AE11}.RebuildClientRelease|x64.ActiveCfg = Release|Any CPU
		{AFE596F6-8EEF-4F1B-9633-2A58D0B0AE11}.RebuildClientRelease|x64.Build.0 = Release|Any CPU
		{AFE596F6-8EEF-4F1B-9633-2A58D0B0AE11}.RebuildClientRelease|x86.ActiveCfg = Release|Any CPU
		{AFE596F6-8EEF-4F1B-9633-2A58D0B0AE11}.RebuildClientRelease|x86.Build.0 = Release|Any CPU
		{AFE596F6-8EEF-4F1B-9633-2A58D0B0AE11}.Release|Any CPU.ActiveCfg = Release|Any CPU
		{AFE596F6-8EEF-4F1B-9633-2A58D0B0AE11}.Release|Any CPU.Build.0 = Release|Any CPU
		{AFE596F6-8EEF-4F1B-9633-2A58D0B0AE11}.Release|ARM.ActiveCfg = Release|Any CPU
		{AFE596F6-8EEF-4F1B-9633-2A58D0B0AE11}.Release|ARM.Build.0 = Release|Any CPU
		{AFE596F6-8EEF-4F1B-9633-2A58D0B0AE11}.Release|ARM64.ActiveCfg = Release|Any CPU
		{AFE596F6-8EEF-4F1B-9633-2A58D0B0AE11}.Release|ARM64.Build.0 = Release|Any CPU
		{AFE596F6-8EEF-4F1B-9633-2A58D0B0AE11}.Release|x64.ActiveCfg = Release|Any CPU
		{AFE596F6-8EEF-4F1B-9633-2A58D0B0AE11}.Release|x64.Build.0 = Release|Any CPU
		{AFE596F6-8EEF-4F1B-9633-2A58D0B0AE11}.Release|x86.ActiveCfg = Release|Any CPU
		{AFE596F6-8EEF-4F1B-9633-2A58D0B0AE11}.Release|x86.Build.0 = Release|Any CPU
		{BBBD9E80-0DC5-4F6D-812F-F11BF76570AB}.Debug|Any CPU.ActiveCfg = Debug|Any CPU
		{BBBD9E80-0DC5-4F6D-812F-F11BF76570AB}.Debug|Any CPU.Build.0 = Debug|Any CPU
		{BBBD9E80-0DC5-4F6D-812F-F11BF76570AB}.Debug|ARM.ActiveCfg = Debug|Any CPU
		{BBBD9E80-0DC5-4F6D-812F-F11BF76570AB}.Debug|ARM.Build.0 = Debug|Any CPU
		{BBBD9E80-0DC5-4F6D-812F-F11BF76570AB}.Debug|ARM64.ActiveCfg = Debug|Any CPU
		{BBBD9E80-0DC5-4F6D-812F-F11BF76570AB}.Debug|ARM64.Build.0 = Debug|Any CPU
		{BBBD9E80-0DC5-4F6D-812F-F11BF76570AB}.Debug|x64.ActiveCfg = Debug|Any CPU
		{BBBD9E80-0DC5-4F6D-812F-F11BF76570AB}.Debug|x64.Build.0 = Debug|Any CPU
		{BBBD9E80-0DC5-4F6D-812F-F11BF76570AB}.Debug|x86.ActiveCfg = Debug|Any CPU
		{BBBD9E80-0DC5-4F6D-812F-F11BF76570AB}.Debug|x86.Build.0 = Debug|Any CPU
		{BBBD9E80-0DC5-4F6D-812F-F11BF76570AB}.RebuildClientDebug|Any CPU.ActiveCfg = Debug|Any CPU
		{BBBD9E80-0DC5-4F6D-812F-F11BF76570AB}.RebuildClientDebug|Any CPU.Build.0 = Debug|Any CPU
		{BBBD9E80-0DC5-4F6D-812F-F11BF76570AB}.RebuildClientDebug|ARM.ActiveCfg = Debug|Any CPU
		{BBBD9E80-0DC5-4F6D-812F-F11BF76570AB}.RebuildClientDebug|ARM.Build.0 = Debug|Any CPU
		{BBBD9E80-0DC5-4F6D-812F-F11BF76570AB}.RebuildClientDebug|ARM64.ActiveCfg = Debug|Any CPU
		{BBBD9E80-0DC5-4F6D-812F-F11BF76570AB}.RebuildClientDebug|ARM64.Build.0 = Debug|Any CPU
		{BBBD9E80-0DC5-4F6D-812F-F11BF76570AB}.RebuildClientDebug|x64.ActiveCfg = Debug|Any CPU
		{BBBD9E80-0DC5-4F6D-812F-F11BF76570AB}.RebuildClientDebug|x64.Build.0 = Debug|Any CPU
		{BBBD9E80-0DC5-4F6D-812F-F11BF76570AB}.RebuildClientDebug|x86.ActiveCfg = Debug|Any CPU
		{BBBD9E80-0DC5-4F6D-812F-F11BF76570AB}.RebuildClientDebug|x86.Build.0 = Debug|Any CPU
		{BBBD9E80-0DC5-4F6D-812F-F11BF76570AB}.RebuildClientRelease|Any CPU.ActiveCfg = Release|Any CPU
		{BBBD9E80-0DC5-4F6D-812F-F11BF76570AB}.RebuildClientRelease|Any CPU.Build.0 = Release|Any CPU
		{BBBD9E80-0DC5-4F6D-812F-F11BF76570AB}.RebuildClientRelease|ARM.ActiveCfg = Release|Any CPU
		{BBBD9E80-0DC5-4F6D-812F-F11BF76570AB}.RebuildClientRelease|ARM.Build.0 = Release|Any CPU
		{BBBD9E80-0DC5-4F6D-812F-F11BF76570AB}.RebuildClientRelease|ARM64.ActiveCfg = Release|Any CPU
		{BBBD9E80-0DC5-4F6D-812F-F11BF76570AB}.RebuildClientRelease|ARM64.Build.0 = Release|Any CPU
		{BBBD9E80-0DC5-4F6D-812F-F11BF76570AB}.RebuildClientRelease|x64.ActiveCfg = Release|Any CPU
		{BBBD9E80-0DC5-4F6D-812F-F11BF76570AB}.RebuildClientRelease|x64.Build.0 = Release|Any CPU
		{BBBD9E80-0DC5-4F6D-812F-F11BF76570AB}.RebuildClientRelease|x86.ActiveCfg = Release|Any CPU
		{BBBD9E80-0DC5-4F6D-812F-F11BF76570AB}.RebuildClientRelease|x86.Build.0 = Release|Any CPU
		{BBBD9E80-0DC5-4F6D-812F-F11BF76570AB}.Release|Any CPU.ActiveCfg = Release|Any CPU
		{BBBD9E80-0DC5-4F6D-812F-F11BF76570AB}.Release|Any CPU.Build.0 = Release|Any CPU
		{BBBD9E80-0DC5-4F6D-812F-F11BF76570AB}.Release|ARM.ActiveCfg = Release|Any CPU
		{BBBD9E80-0DC5-4F6D-812F-F11BF76570AB}.Release|ARM.Build.0 = Release|Any CPU
		{BBBD9E80-0DC5-4F6D-812F-F11BF76570AB}.Release|ARM64.ActiveCfg = Release|Any CPU
		{BBBD9E80-0DC5-4F6D-812F-F11BF76570AB}.Release|ARM64.Build.0 = Release|Any CPU
		{BBBD9E80-0DC5-4F6D-812F-F11BF76570AB}.Release|x64.ActiveCfg = Release|Any CPU
		{BBBD9E80-0DC5-4F6D-812F-F11BF76570AB}.Release|x64.Build.0 = Release|Any CPU
		{BBBD9E80-0DC5-4F6D-812F-F11BF76570AB}.Release|x86.ActiveCfg = Release|Any CPU
		{BBBD9E80-0DC5-4F6D-812F-F11BF76570AB}.Release|x86.Build.0 = Release|Any CPU
		{8E0342F5-02C3-4998-8074-767F7F5E48B2}.Debug|Any CPU.ActiveCfg = Debug|Any CPU
		{8E0342F5-02C3-4998-8074-767F7F5E48B2}.Debug|Any CPU.Build.0 = Debug|Any CPU
		{8E0342F5-02C3-4998-8074-767F7F5E48B2}.Debug|ARM.ActiveCfg = Debug|Any CPU
		{8E0342F5-02C3-4998-8074-767F7F5E48B2}.Debug|ARM.Build.0 = Debug|Any CPU
		{8E0342F5-02C3-4998-8074-767F7F5E48B2}.Debug|ARM64.ActiveCfg = Debug|Any CPU
		{8E0342F5-02C3-4998-8074-767F7F5E48B2}.Debug|ARM64.Build.0 = Debug|Any CPU
		{8E0342F5-02C3-4998-8074-767F7F5E48B2}.Debug|x64.ActiveCfg = Debug|Any CPU
		{8E0342F5-02C3-4998-8074-767F7F5E48B2}.Debug|x64.Build.0 = Debug|Any CPU
		{8E0342F5-02C3-4998-8074-767F7F5E48B2}.Debug|x86.ActiveCfg = Debug|Any CPU
		{8E0342F5-02C3-4998-8074-767F7F5E48B2}.Debug|x86.Build.0 = Debug|Any CPU
		{8E0342F5-02C3-4998-8074-767F7F5E48B2}.RebuildClientDebug|Any CPU.ActiveCfg = Debug|Any CPU
		{8E0342F5-02C3-4998-8074-767F7F5E48B2}.RebuildClientDebug|Any CPU.Build.0 = Debug|Any CPU
		{8E0342F5-02C3-4998-8074-767F7F5E48B2}.RebuildClientDebug|ARM.ActiveCfg = Debug|Any CPU
		{8E0342F5-02C3-4998-8074-767F7F5E48B2}.RebuildClientDebug|ARM.Build.0 = Debug|Any CPU
		{8E0342F5-02C3-4998-8074-767F7F5E48B2}.RebuildClientDebug|ARM64.ActiveCfg = Debug|Any CPU
		{8E0342F5-02C3-4998-8074-767F7F5E48B2}.RebuildClientDebug|ARM64.Build.0 = Debug|Any CPU
		{8E0342F5-02C3-4998-8074-767F7F5E48B2}.RebuildClientDebug|x64.ActiveCfg = Debug|Any CPU
		{8E0342F5-02C3-4998-8074-767F7F5E48B2}.RebuildClientDebug|x64.Build.0 = Debug|Any CPU
		{8E0342F5-02C3-4998-8074-767F7F5E48B2}.RebuildClientDebug|x86.ActiveCfg = Debug|Any CPU
		{8E0342F5-02C3-4998-8074-767F7F5E48B2}.RebuildClientDebug|x86.Build.0 = Debug|Any CPU
		{8E0342F5-02C3-4998-8074-767F7F5E48B2}.RebuildClientRelease|Any CPU.ActiveCfg = Release|Any CPU
		{8E0342F5-02C3-4998-8074-767F7F5E48B2}.RebuildClientRelease|Any CPU.Build.0 = Release|Any CPU
		{8E0342F5-02C3-4998-8074-767F7F5E48B2}.RebuildClientRelease|ARM.ActiveCfg = Release|Any CPU
		{8E0342F5-02C3-4998-8074-767F7F5E48B2}.RebuildClientRelease|ARM.Build.0 = Release|Any CPU
		{8E0342F5-02C3-4998-8074-767F7F5E48B2}.RebuildClientRelease|ARM64.ActiveCfg = Release|Any CPU
		{8E0342F5-02C3-4998-8074-767F7F5E48B2}.RebuildClientRelease|ARM64.Build.0 = Release|Any CPU
		{8E0342F5-02C3-4998-8074-767F7F5E48B2}.RebuildClientRelease|x64.ActiveCfg = Release|Any CPU
		{8E0342F5-02C3-4998-8074-767F7F5E48B2}.RebuildClientRelease|x64.Build.0 = Release|Any CPU
		{8E0342F5-02C3-4998-8074-767F7F5E48B2}.RebuildClientRelease|x86.ActiveCfg = Release|Any CPU
		{8E0342F5-02C3-4998-8074-767F7F5E48B2}.RebuildClientRelease|x86.Build.0 = Release|Any CPU
		{8E0342F5-02C3-4998-8074-767F7F5E48B2}.Release|Any CPU.ActiveCfg = Release|Any CPU
		{8E0342F5-02C3-4998-8074-767F7F5E48B2}.Release|Any CPU.Build.0 = Release|Any CPU
		{8E0342F5-02C3-4998-8074-767F7F5E48B2}.Release|ARM.ActiveCfg = Release|Any CPU
		{8E0342F5-02C3-4998-8074-767F7F5E48B2}.Release|ARM.Build.0 = Release|Any CPU
		{8E0342F5-02C3-4998-8074-767F7F5E48B2}.Release|ARM64.ActiveCfg = Release|Any CPU
		{8E0342F5-02C3-4998-8074-767F7F5E48B2}.Release|ARM64.Build.0 = Release|Any CPU
		{8E0342F5-02C3-4998-8074-767F7F5E48B2}.Release|x64.ActiveCfg = Release|Any CPU
		{8E0342F5-02C3-4998-8074-767F7F5E48B2}.Release|x64.Build.0 = Release|Any CPU
		{8E0342F5-02C3-4998-8074-767F7F5E48B2}.Release|x86.ActiveCfg = Release|Any CPU
		{8E0342F5-02C3-4998-8074-767F7F5E48B2}.Release|x86.Build.0 = Release|Any CPU
	EndGlobalSection
	GlobalSection(SolutionProperties) = preSolution
		HideSolutionNode = FALSE
	EndGlobalSection
	GlobalSection(NestedProjects) = preSolution
		{DD791163-EA63-4738-B04B-6E8C09273888} = {74209A5C-DE4C-4F14-8195-BD9AF2BDB55F}
		{C77F7D87-511B-4DA6-BAD1-F8DBE907993E} = {74209A5C-DE4C-4F14-8195-BD9AF2BDB55F}
		{BC2EF2A8-9560-4EC4-AA74-64B8B1724048} = {74209A5C-DE4C-4F14-8195-BD9AF2BDB55F}
		{05E2D217-2232-49CF-ACB4-4DDBB5EAD302} = {74209A5C-DE4C-4F14-8195-BD9AF2BDB55F}
		{0D900B57-C1B5-4C8D-8190-7349F5980BEC} = {C77F7D87-511B-4DA6-BAD1-F8DBE907993E}
		{15C5ADE3-3FEE-40C3-9C5D-3571514FCFF9} = {C77F7D87-511B-4DA6-BAD1-F8DBE907993E}
		{BB4CA87B-5EFE-4039-8BBB-D3D907939DB5} = {1E5F5B2D-C9B9-4914-8DBE-D8A859DF7680}
		{2DC105E7-FF7F-4888-80E3-03BBA67DA3B0} = {1E5F5B2D-C9B9-4914-8DBE-D8A859DF7680}
		{69F22F22-0B52-41B1-B7E0-6A9CCE8ADD1E} = {BC2EF2A8-9560-4EC4-AA74-64B8B1724048}
		{456AD1A9-FF15-4E3A-AE9B-FC12636E40EB} = {BC2EF2A8-9560-4EC4-AA74-64B8B1724048}
		{AFE596F6-8EEF-4F1B-9633-2A58D0B0AE11} = {05E2D217-2232-49CF-ACB4-4DDBB5EAD302}
		{BBBD9E80-0DC5-4F6D-812F-F11BF76570AB} = {460EE438-BA24-4E67-9812-FAEFB93E36F1}
		{7A2FDEE6-AEB6-4374-AC21-8A58E55F45ED} = {74209A5C-DE4C-4F14-8195-BD9AF2BDB55F}
		{8E0342F5-02C3-4998-8074-767F7F5E48B2} = {1E5F5B2D-C9B9-4914-8DBE-D8A859DF7680}
	EndGlobalSection
	GlobalSection(ExtensibilityGlobals) = postSolution
		SolutionGuid = {082A0F47-8A0E-4279-AA9B-3FA408614B37}
	EndGlobalSection
EndGlobal
