
Microsoft Visual Studio Solution File, Format Version 12.00
# Visual Studio Version 16
VisualStudioVersion = 16.0.29424.173
MinimumVisualStudioVersion = 15.0.26124.0
Project("{E53339B2-1760-4266-BCC7-CA923CBCF16C}") = "EventManager.Docker.Compose", "EventManager.Docker.Compose.dcproj", "{F817047F-018D-4F93-BDA5-58602073B634}"
EndProject
Project("{2150E333-8FDC-42A3-9474-1A3956D46DE8}") = "src", "src", "{A9BB7CCF-FA88-4405-8A6F-6609DBDA10D8}"
EndProject
Project("{9A19103F-16F7-4668-BE54-9A1E7A4F7556}") = "EventManager.Identity.Admin", "src\EventManager.Identity.Admin\EventManager.Identity.Admin.csproj", "{CBB95412-A930-48F8-89CD-D76379A80749}"
EndProject
Project("{9A19103F-16F7-4668-BE54-9A1E7A4F7556}") = "EventManager.Identity.STS.Identity", "src\EventManager.Identity.STS.Identity\EventManager.Identity.STS.Identity.csproj", "{91169D51-D3B6-4FE3-9109-58B7CC01A00B}"
EndProject
Project("{9A19103F-16F7-4668-BE54-9A1E7A4F7556}") = "EventManager.Identity.Admin.Api", "src\EventManager.Identity.Admin.Api\EventManager.Identity.Admin.Api.csproj", "{76C9645D-6458-453A-A4C8-256C101B2CB8}"
EndProject
Project("{9A19103F-16F7-4668-BE54-9A1E7A4F7556}") = "EventManager.Identity.Admin.EntityFramework.Shared", "src\EventManager.Identity.Admin.EntityFramework.Shared\EventManager.Identity.Admin.EntityFramework.Shared.csproj", "{768CB5D7-A825-401F-B160-63DADB60DC80}"
EndProject
Project("{9A19103F-16F7-4668-BE54-9A1E7A4F7556}") = "EventManager.Identity.Admin.EntityFramework.MySql", "src\EventManager.Identity.Admin.EntityFramework.MySql\EventManager.Identity.Admin.EntityFramework.MySql.csproj", "{05FEDE43-D6FF-4F2E-90F4-5826B7CDEA94}"
EndProject
Project("{9A19103F-16F7-4668-BE54-9A1E7A4F7556}") = "EventManager.Identity.Admin.EntityFramework.PostgreSQL", "src\EventManager.Identity.Admin.EntityFramework.PostgreSQL\EventManager.Identity.Admin.EntityFramework.PostgreSQL.csproj", "{C6BABCEF-CE17-469E-AE92-3E4501E8D124}"
EndProject
Project("{9A19103F-16F7-4668-BE54-9A1E7A4F7556}") = "EventManager.Identity.Admin.EntityFramework.SqlServer", "src\EventManager.Identity.Admin.EntityFramework.SqlServer\EventManager.Identity.Admin.EntityFramework.SqlServer.csproj", "{95CBD89B-922F-4B21-8040-39D563DF3DF4}"
EndProject
Project("{9A19103F-16F7-4668-BE54-9A1E7A4F7556}") = "EventManager.Identity.Shared", "src\EventManager.Identity.Shared\EventManager.Identity.Shared.csproj", "{0555E9BA-C73E-4804-875A-530BD91C3662}"
EndProject
Project("{2150E333-8FDC-42A3-9474-1A3956D46DE8}") = "Solution Items", "Solution Items", "{7A4BB1D9-3863-448D-B45F-E6A7BEB61771}"
	ProjectSection(SolutionItems) = preProject
		ToDo.txt = ToDo.txt
	EndProjectSection
EndProject
Global
	GlobalSection(SolutionConfigurationPlatforms) = preSolution
		Debug|Any CPU = Debug|Any CPU
		Debug|x64 = Debug|x64
		Debug|x86 = Debug|x86
		Release|Any CPU = Release|Any CPU
		Release|x64 = Release|x64
		Release|x86 = Release|x86
	EndGlobalSection
	GlobalSection(ProjectConfigurationPlatforms) = postSolution
		{F817047F-018D-4F93-BDA5-58602073B634}.Debug|Any CPU.ActiveCfg = Debug|Any CPU
		{F817047F-018D-4F93-BDA5-58602073B634}.Debug|Any CPU.Build.0 = Debug|Any CPU
		{F817047F-018D-4F93-BDA5-58602073B634}.Debug|x64.ActiveCfg = Debug|Any CPU
		{F817047F-018D-4F93-BDA5-58602073B634}.Debug|x64.Build.0 = Debug|Any CPU
		{F817047F-018D-4F93-BDA5-58602073B634}.Debug|x86.ActiveCfg = Debug|Any CPU
		{F817047F-018D-4F93-BDA5-58602073B634}.Debug|x86.Build.0 = Debug|Any CPU
		{F817047F-018D-4F93-BDA5-58602073B634}.Release|Any CPU.ActiveCfg = Release|Any CPU
		{F817047F-018D-4F93-BDA5-58602073B634}.Release|Any CPU.Build.0 = Release|Any CPU
		{F817047F-018D-4F93-BDA5-58602073B634}.Release|x64.ActiveCfg = Release|Any CPU
		{F817047F-018D-4F93-BDA5-58602073B634}.Release|x64.Build.0 = Release|Any CPU
		{F817047F-018D-4F93-BDA5-58602073B634}.Release|x86.ActiveCfg = Release|Any CPU
		{F817047F-018D-4F93-BDA5-58602073B634}.Release|x86.Build.0 = Release|Any CPU
		{CBB95412-A930-48F8-89CD-D76379A80749}.Debug|Any CPU.ActiveCfg = Debug|Any CPU
		{CBB95412-A930-48F8-89CD-D76379A80749}.Debug|Any CPU.Build.0 = Debug|Any CPU
		{CBB95412-A930-48F8-89CD-D76379A80749}.Debug|x64.ActiveCfg = Debug|Any CPU
		{CBB95412-A930-48F8-89CD-D76379A80749}.Debug|x64.Build.0 = Debug|Any CPU
		{CBB95412-A930-48F8-89CD-D76379A80749}.Debug|x86.ActiveCfg = Debug|Any CPU
		{CBB95412-A930-48F8-89CD-D76379A80749}.Debug|x86.Build.0 = Debug|Any CPU
		{CBB95412-A930-48F8-89CD-D76379A80749}.Release|Any CPU.ActiveCfg = Release|Any CPU
		{CBB95412-A930-48F8-89CD-D76379A80749}.Release|Any CPU.Build.0 = Release|Any CPU
		{CBB95412-A930-48F8-89CD-D76379A80749}.Release|x64.ActiveCfg = Release|Any CPU
		{CBB95412-A930-48F8-89CD-D76379A80749}.Release|x64.Build.0 = Release|Any CPU
		{CBB95412-A930-48F8-89CD-D76379A80749}.Release|x86.ActiveCfg = Release|Any CPU
		{CBB95412-A930-48F8-89CD-D76379A80749}.Release|x86.Build.0 = Release|Any CPU
		{91169D51-D3B6-4FE3-9109-58B7CC01A00B}.Debug|Any CPU.ActiveCfg = Debug|Any CPU
		{91169D51-D3B6-4FE3-9109-58B7CC01A00B}.Debug|Any CPU.Build.0 = Debug|Any CPU
		{91169D51-D3B6-4FE3-9109-58B7CC01A00B}.Debug|x64.ActiveCfg = Debug|Any CPU
		{91169D51-D3B6-4FE3-9109-58B7CC01A00B}.Debug|x64.Build.0 = Debug|Any CPU
		{91169D51-D3B6-4FE3-9109-58B7CC01A00B}.Debug|x86.ActiveCfg = Debug|Any CPU
		{91169D51-D3B6-4FE3-9109-58B7CC01A00B}.Debug|x86.Build.0 = Debug|Any CPU
		{91169D51-D3B6-4FE3-9109-58B7CC01A00B}.Release|Any CPU.ActiveCfg = Release|Any CPU
		{91169D51-D3B6-4FE3-9109-58B7CC01A00B}.Release|Any CPU.Build.0 = Release|Any CPU
		{91169D51-D3B6-4FE3-9109-58B7CC01A00B}.Release|x64.ActiveCfg = Release|Any CPU
		{91169D51-D3B6-4FE3-9109-58B7CC01A00B}.Release|x64.Build.0 = Release|Any CPU
		{91169D51-D3B6-4FE3-9109-58B7CC01A00B}.Release|x86.ActiveCfg = Release|Any CPU
		{91169D51-D3B6-4FE3-9109-58B7CC01A00B}.Release|x86.Build.0 = Release|Any CPU
		{76C9645D-6458-453A-A4C8-256C101B2CB8}.Debug|Any CPU.ActiveCfg = Debug|Any CPU
		{76C9645D-6458-453A-A4C8-256C101B2CB8}.Debug|Any CPU.Build.0 = Debug|Any CPU
		{76C9645D-6458-453A-A4C8-256C101B2CB8}.Debug|x64.ActiveCfg = Debug|Any CPU
		{76C9645D-6458-453A-A4C8-256C101B2CB8}.Debug|x64.Build.0 = Debug|Any CPU
		{76C9645D-6458-453A-A4C8-256C101B2CB8}.Debug|x86.ActiveCfg = Debug|Any CPU
		{76C9645D-6458-453A-A4C8-256C101B2CB8}.Debug|x86.Build.0 = Debug|Any CPU
		{76C9645D-6458-453A-A4C8-256C101B2CB8}.Release|Any CPU.ActiveCfg = Release|Any CPU
		{76C9645D-6458-453A-A4C8-256C101B2CB8}.Release|Any CPU.Build.0 = Release|Any CPU
		{76C9645D-6458-453A-A4C8-256C101B2CB8}.Release|x64.ActiveCfg = Release|Any CPU
		{76C9645D-6458-453A-A4C8-256C101B2CB8}.Release|x64.Build.0 = Release|Any CPU
		{76C9645D-6458-453A-A4C8-256C101B2CB8}.Release|x86.ActiveCfg = Release|Any CPU
		{76C9645D-6458-453A-A4C8-256C101B2CB8}.Release|x86.Build.0 = Release|Any CPU
		{768CB5D7-A825-401F-B160-63DADB60DC80}.Debug|Any CPU.ActiveCfg = Debug|Any CPU
		{768CB5D7-A825-401F-B160-63DADB60DC80}.Debug|Any CPU.Build.0 = Debug|Any CPU
		{768CB5D7-A825-401F-B160-63DADB60DC80}.Debug|x64.ActiveCfg = Debug|Any CPU
		{768CB5D7-A825-401F-B160-63DADB60DC80}.Debug|x64.Build.0 = Debug|Any CPU
		{768CB5D7-A825-401F-B160-63DADB60DC80}.Debug|x86.ActiveCfg = Debug|Any CPU
		{768CB5D7-A825-401F-B160-63DADB60DC80}.Debug|x86.Build.0 = Debug|Any CPU
		{768CB5D7-A825-401F-B160-63DADB60DC80}.Release|Any CPU.ActiveCfg = Release|Any CPU
		{768CB5D7-A825-401F-B160-63DADB60DC80}.Release|Any CPU.Build.0 = Release|Any CPU
		{768CB5D7-A825-401F-B160-63DADB60DC80}.Release|x64.ActiveCfg = Release|Any CPU
		{768CB5D7-A825-401F-B160-63DADB60DC80}.Release|x64.Build.0 = Release|Any CPU
		{768CB5D7-A825-401F-B160-63DADB60DC80}.Release|x86.ActiveCfg = Release|Any CPU
		{768CB5D7-A825-401F-B160-63DADB60DC80}.Release|x86.Build.0 = Release|Any CPU
		{05FEDE43-D6FF-4F2E-90F4-5826B7CDEA94}.Debug|Any CPU.ActiveCfg = Debug|Any CPU
		{05FEDE43-D6FF-4F2E-90F4-5826B7CDEA94}.Debug|Any CPU.Build.0 = Debug|Any CPU
		{05FEDE43-D6FF-4F2E-90F4-5826B7CDEA94}.Debug|x64.ActiveCfg = Debug|Any CPU
		{05FEDE43-D6FF-4F2E-90F4-5826B7CDEA94}.Debug|x64.Build.0 = Debug|Any CPU
		{05FEDE43-D6FF-4F2E-90F4-5826B7CDEA94}.Debug|x86.ActiveCfg = Debug|Any CPU
		{05FEDE43-D6FF-4F2E-90F4-5826B7CDEA94}.Debug|x86.Build.0 = Debug|Any CPU
		{05FEDE43-D6FF-4F2E-90F4-5826B7CDEA94}.Release|Any CPU.ActiveCfg = Release|Any CPU
		{05FEDE43-D6FF-4F2E-90F4-5826B7CDEA94}.Release|Any CPU.Build.0 = Release|Any CPU
		{05FEDE43-D6FF-4F2E-90F4-5826B7CDEA94}.Release|x64.ActiveCfg = Release|Any CPU
		{05FEDE43-D6FF-4F2E-90F4-5826B7CDEA94}.Release|x64.Build.0 = Release|Any CPU
		{05FEDE43-D6FF-4F2E-90F4-5826B7CDEA94}.Release|x86.ActiveCfg = Release|Any CPU
		{05FEDE43-D6FF-4F2E-90F4-5826B7CDEA94}.Release|x86.Build.0 = Release|Any CPU
		{C6BABCEF-CE17-469E-AE92-3E4501E8D124}.Debug|Any CPU.ActiveCfg = Debug|Any CPU
		{C6BABCEF-CE17-469E-AE92-3E4501E8D124}.Debug|Any CPU.Build.0 = Debug|Any CPU
		{C6BABCEF-CE17-469E-AE92-3E4501E8D124}.Debug|x64.ActiveCfg = Debug|Any CPU
		{C6BABCEF-CE17-469E-AE92-3E4501E8D124}.Debug|x64.Build.0 = Debug|Any CPU
		{C6BABCEF-CE17-469E-AE92-3E4501E8D124}.Debug|x86.ActiveCfg = Debug|Any CPU
		{C6BABCEF-CE17-469E-AE92-3E4501E8D124}.Debug|x86.Build.0 = Debug|Any CPU
		{C6BABCEF-CE17-469E-AE92-3E4501E8D124}.Release|Any CPU.ActiveCfg = Release|Any CPU
		{C6BABCEF-CE17-469E-AE92-3E4501E8D124}.Release|Any CPU.Build.0 = Release|Any CPU
		{C6BABCEF-CE17-469E-AE92-3E4501E8D124}.Release|x64.ActiveCfg = Release|Any CPU
		{C6BABCEF-CE17-469E-AE92-3E4501E8D124}.Release|x64.Build.0 = Release|Any CPU
		{C6BABCEF-CE17-469E-AE92-3E4501E8D124}.Release|x86.ActiveCfg = Release|Any CPU
		{C6BABCEF-CE17-469E-AE92-3E4501E8D124}.Release|x86.Build.0 = Release|Any CPU
		{95CBD89B-922F-4B21-8040-39D563DF3DF4}.Debug|Any CPU.ActiveCfg = Debug|Any CPU
		{95CBD89B-922F-4B21-8040-39D563DF3DF4}.Debug|Any CPU.Build.0 = Debug|Any CPU
		{95CBD89B-922F-4B21-8040-39D563DF3DF4}.Debug|x64.ActiveCfg = Debug|Any CPU
		{95CBD89B-922F-4B21-8040-39D563DF3DF4}.Debug|x64.Build.0 = Debug|Any CPU
		{95CBD89B-922F-4B21-8040-39D563DF3DF4}.Debug|x86.ActiveCfg = Debug|Any CPU
		{95CBD89B-922F-4B21-8040-39D563DF3DF4}.Debug|x86.Build.0 = Debug|Any CPU
		{95CBD89B-922F-4B21-8040-39D563DF3DF4}.Release|Any CPU.ActiveCfg = Release|Any CPU
		{95CBD89B-922F-4B21-8040-39D563DF3DF4}.Release|Any CPU.Build.0 = Release|Any CPU
		{95CBD89B-922F-4B21-8040-39D563DF3DF4}.Release|x64.ActiveCfg = Release|Any CPU
		{95CBD89B-922F-4B21-8040-39D563DF3DF4}.Release|x64.Build.0 = Release|Any CPU
		{95CBD89B-922F-4B21-8040-39D563DF3DF4}.Release|x86.ActiveCfg = Release|Any CPU
		{95CBD89B-922F-4B21-8040-39D563DF3DF4}.Release|x86.Build.0 = Release|Any CPU
		{0555E9BA-C73E-4804-875A-530BD91C3662}.Debug|Any CPU.ActiveCfg = Debug|Any CPU
		{0555E9BA-C73E-4804-875A-530BD91C3662}.Debug|Any CPU.Build.0 = Debug|Any CPU
		{0555E9BA-C73E-4804-875A-530BD91C3662}.Debug|x64.ActiveCfg = Debug|Any CPU
		{0555E9BA-C73E-4804-875A-530BD91C3662}.Debug|x64.Build.0 = Debug|Any CPU
		{0555E9BA-C73E-4804-875A-530BD91C3662}.Debug|x86.ActiveCfg = Debug|Any CPU
		{0555E9BA-C73E-4804-875A-530BD91C3662}.Debug|x86.Build.0 = Debug|Any CPU
		{0555E9BA-C73E-4804-875A-530BD91C3662}.Release|Any CPU.ActiveCfg = Release|Any CPU
		{0555E9BA-C73E-4804-875A-530BD91C3662}.Release|Any CPU.Build.0 = Release|Any CPU
		{0555E9BA-C73E-4804-875A-530BD91C3662}.Release|x64.ActiveCfg = Release|Any CPU
		{0555E9BA-C73E-4804-875A-530BD91C3662}.Release|x64.Build.0 = Release|Any CPU
		{0555E9BA-C73E-4804-875A-530BD91C3662}.Release|x86.ActiveCfg = Release|Any CPU
		{0555E9BA-C73E-4804-875A-530BD91C3662}.Release|x86.Build.0 = Release|Any CPU
	EndGlobalSection
	GlobalSection(SolutionProperties) = preSolution
		HideSolutionNode = FALSE
	EndGlobalSection
	GlobalSection(NestedProjects) = preSolution
		{CBB95412-A930-48F8-89CD-D76379A80749} = {A9BB7CCF-FA88-4405-8A6F-6609DBDA10D8}
		{91169D51-D3B6-4FE3-9109-58B7CC01A00B} = {A9BB7CCF-FA88-4405-8A6F-6609DBDA10D8}
		{76C9645D-6458-453A-A4C8-256C101B2CB8} = {A9BB7CCF-FA88-4405-8A6F-6609DBDA10D8}
		{768CB5D7-A825-401F-B160-63DADB60DC80} = {A9BB7CCF-FA88-4405-8A6F-6609DBDA10D8}
		{05FEDE43-D6FF-4F2E-90F4-5826B7CDEA94} = {A9BB7CCF-FA88-4405-8A6F-6609DBDA10D8}
		{C6BABCEF-CE17-469E-AE92-3E4501E8D124} = {A9BB7CCF-FA88-4405-8A6F-6609DBDA10D8}
		{95CBD89B-922F-4B21-8040-39D563DF3DF4} = {A9BB7CCF-FA88-4405-8A6F-6609DBDA10D8}
		{0555E9BA-C73E-4804-875A-530BD91C3662} = {A9BB7CCF-FA88-4405-8A6F-6609DBDA10D8}
	EndGlobalSection
	GlobalSection(ExtensibilityGlobals) = postSolution
		SolutionGuid = {549F6BA2-7BF0-4104-9088-47D242078F31}
	EndGlobalSection
EndGlobal
